Microsoft Visual Studio Solution File, Format Version 12.00
# Visual Studio Version 17
VisualStudioVersion = 17.5.2.0
MinimumVisualStudioVersion = 10.0.40219.1
Project("{2150E333-8FDC-42A3-9474-1A3956D46DE8}") = "lab", "lab", "{88AB7371-40A3-7B65-CF7E-ACD3CC9F1E10}"
EndProject
Project("{FAE04EC0-301F-11D3-BF4B-00C04F79EFBC}") = "Lab", "lab\iter01\Lab.csproj", "{1AD5A232-006D-F9CC-B187-3742EEB01E93}"
EndProject
Global
	GlobalSection(SolutionConfigurationPlatforms) = preSolution
		Debug|Any CPU = Debug|Any CPU
		Release|Any CPU = Release|Any CPU
	EndGlobalSection
	GlobalSection(ProjectConfigurationPlatforms) = postSolution
		{1AD5A232-006D-F9CC-B187-3742EEB01E93}.Debug|Any CPU.ActiveCfg = Debug|Any CPU
		{1AD5A232-006D-F9CC-B187-3742EEB01E93}.Debug|Any CPU.Build.0 = Debug|Any CPU
		{1AD5A232-006D-F9CC-B187-3742EEB01E93}.Release|Any CPU.ActiveCfg = Release|Any CPU
		{1AD5A232-006D-F9CC-B187-3742EEB01E93}.Release|Any CPU.Build.0 = Release|Any CPU
	EndGlobalSection
	GlobalSection(SolutionProperties) = preSolution
		HideSolutionNode = FALSE
	EndGlobalSection
	GlobalSection(NestedProjects) = preSolution
		{1AD5A232-006D-F9CC-B187-3742EEB01E93} = {88AB7371-40A3-7B65-CF7E-ACD3CC9F1E10}
	EndGlobalSection
	GlobalSection(ExtensibilityGlobals) = postSolution
		SolutionGuid = {8830152A-4BCF-4EFC-83A0-04CE559747C7}
	EndGlobalSection
EndGlobal
