
Microsoft Visual Studio Solution File, Format Version 12.00
# Visual Studio Version 17
VisualStudioVersion = 17.5.2.0
MinimumVisualStudioVersion = 10.0.40219.1
Project("{2150E333-8FDC-42A3-9474-1A3956D46DE8}") = "lab", "lab", "{88AB7371-40A3-7B65-CF7E-ACD3CC9F1E10}"
EndProject
Project("{FAE04EC0-301F-11D3-BF4B-00C04F79EFBC}") = "Lab.Iter03", "lab\iter03\Lab.Iter03.csproj", "{9C8B4B94-CB22-A2D2-728D-E6BA236F30B3}"
EndProject
Project("{FAE04EC0-301F-11D3-BF4B-00C04F79EFBC}") = "Lab.Iter04", "lab\iter04\Lab.Iter04.csproj", "{AA813F8A-6D81-25F7-4506-2F1B862E57B3}"
EndProject
Project("{FAE04EC0-301F-11D3-BF4B-00C04F79EFBC}") = "Lab.Iter05", "lab\iter05\Lab.Iter05.csproj", "{6191E40C-480D-8DD4-4807-0538EAF5EB1F}"
EndProject
Project("{FAE04EC0-301F-11D3-BF4B-00C04F79EFBC}") = "Lab.Iter02", "lab\iter02\Lab.Iter02.csproj", "{157BF3B5-C17D-E44A-3530-337797027E10}"
EndProject
Project("{FAE04EC0-301F-11D3-BF4B-00C04F79EFBC}") = "Lab.Iter01", "lab\iter01\Lab.Iter01.csproj", "{4D1ABF6D-1BA4-ED73-A4F6-BB774BCE3B8C}"
EndProject
Project("{FAE04EC0-301F-11D3-BF4B-00C04F79EFBC}") = "Lab.Iter06", "lab\iter06\Lab.Iter06.csproj", "{0FC84EB9-F122-AA98-0847-63FD8654923A}"
EndProject
Project("{2150E333-8FDC-42A3-9474-1A3956D46DE8}") = "iter07", "iter07", "{31062F0C-1799-2BF4-AF09-B7242FECEA00}"
EndProject
Project("{FAE04EC0-301F-11D3-BF4B-00C04F79EFBC}") = "Lab.Iter07", "lab\iter07\Lab.Iter07.csproj", "{848DEC9F-0290-4383-B75A-F5664950AC4C}"
EndProject
Project("{2150E333-8FDC-42A3-9474-1A3956D46DE8}") = "iter08", "iter08", "{5E9819DC-9063-9F96-CDE3-D828171E4D2C}"
EndProject
Project("{FAE04EC0-301F-11D3-BF4B-00C04F79EFBC}") = "Lab.Iter08", "lab\iter08\Lab.Iter08.csproj", "{E7277C32-0DCE-43BB-BE6C-4ADD3035BA73}"
EndProject
Project("{2150E333-8FDC-42A3-9474-1A3956D46DE8}") = "iter09", "iter09", "{60AFD959-928A-54D3-5C6B-5BFC48B40E14}"
EndProject
Project("{FAE04EC0-301F-11D3-BF4B-00C04F79EFBC}") = "Lab.Iter09", "lab\iter09\Lab.Iter09.csproj", "{99F66991-6EDA-43B0-B39D-855A6E01A745}"
EndProject
Project("{2150E333-8FDC-42A3-9474-1A3956D46DE8}") = "iter10", "iter10", "{8A2F3B41-7D92-4E8C-9F1A-C3D5E6F8A9B2}"
EndProject
Project("{FAE04EC0-301F-11D3-BF4B-00C04F79EFBC}") = "Lab.Iter10", "lab\iter10\Lab.Iter10.csproj", "{1F4E5C8D-2A3B-4D9E-8F7C-9A1B2C3D4E5F}"
EndProject
Global
	GlobalSection(SolutionConfigurationPlatforms) = preSolution
		Debug|Any CPU = Debug|Any CPU
		Debug|x64 = Debug|x64
		Debug|x86 = Debug|x86
		Release|Any CPU = Release|Any CPU
		Release|x64 = Release|x64
		Release|x86 = Release|x86
	EndGlobalSection
	GlobalSection(ProjectConfigurationPlatforms) = postSolution
		{9C8B4B94-CB22-A2D2-728D-E6BA236F30B3}.Debug|Any CPU.ActiveCfg = Debug|Any CPU
		{9C8B4B94-CB22-A2D2-728D-E6BA236F30B3}.Debug|Any CPU.Build.0 = Debug|Any CPU
		{9C8B4B94-CB22-A2D2-728D-E6BA236F30B3}.Debug|x64.ActiveCfg = Debug|Any CPU
		{9C8B4B94-CB22-A2D2-728D-E6BA236F30B3}.Debug|x64.Build.0 = Debug|Any CPU
		{9C8B4B94-CB22-A2D2-728D-E6BA236F30B3}.Debug|x86.ActiveCfg = Debug|Any CPU
		{9C8B4B94-CB22-A2D2-728D-E6BA236F30B3}.Debug|x86.Build.0 = Debug|Any CPU
		{9C8B4B94-CB22-A2D2-728D-E6BA236F30B3}.Release|Any CPU.ActiveCfg = Release|Any CPU
		{9C8B4B94-CB22-A2D2-728D-E6BA236F30B3}.Release|Any CPU.Build.0 = Release|Any CPU
		{9C8B4B94-CB22-A2D2-728D-E6BA236F30B3}.Release|x64.ActiveCfg = Release|Any CPU
		{9C8B4B94-CB22-A2D2-728D-E6BA236F30B3}.Release|x64.Build.0 = Release|Any CPU
		{9C8B4B94-CB22-A2D2-728D-E6BA236F30B3}.Release|x86.ActiveCfg = Release|Any CPU
		{9C8B4B94-CB22-A2D2-728D-E6BA236F30B3}.Release|x86.Build.0 = Release|Any CPU
		{AA813F8A-6D81-25F7-4506-2F1B862E57B3}.Debug|Any CPU.ActiveCfg = Debug|Any CPU
		{AA813F8A-6D81-25F7-4506-2F1B862E57B3}.Debug|Any CPU.Build.0 = Debug|Any CPU
		{AA813F8A-6D81-25F7-4506-2F1B862E57B3}.Debug|x64.ActiveCfg = Debug|Any CPU
		{AA813F8A-6D81-25F7-4506-2F1B862E57B3}.Debug|x64.Build.0 = Debug|Any CPU
		{AA813F8A-6D81-25F7-4506-2F1B862E57B3}.Debug|x86.ActiveCfg = Debug|Any CPU
		{AA813F8A-6D81-25F7-4506-2F1B862E57B3}.Debug|x86.Build.0 = Debug|Any CPU
		{AA813F8A-6D81-25F7-4506-2F1B862E57B3}.Release|Any CPU.ActiveCfg = Release|Any CPU
		{AA813F8A-6D81-25F7-4506-2F1B862E57B3}.Release|Any CPU.Build.0 = Release|Any CPU
		{AA813F8A-6D81-25F7-4506-2F1B862E57B3}.Release|x64.ActiveCfg = Release|Any CPU
		{AA813F8A-6D81-25F7-4506-2F1B862E57B3}.Release|x64.Build.0 = Release|Any CPU
		{AA813F8A-6D81-25F7-4506-2F1B862E57B3}.Release|x86.ActiveCfg = Release|Any CPU
		{AA813F8A-6D81-25F7-4506-2F1B862E57B3}.Release|x86.Build.0 = Release|Any CPU
		{6191E40C-480D-8DD4-4807-0538EAF5EB1F}.Debug|Any CPU.ActiveCfg = Debug|Any CPU
		{6191E40C-480D-8DD4-4807-0538EAF5EB1F}.Debug|Any CPU.Build.0 = Debug|Any CPU
		{6191E40C-480D-8DD4-4807-0538EAF5EB1F}.Debug|x64.ActiveCfg = Debug|Any CPU
		{6191E40C-480D-8DD4-4807-0538EAF5EB1F}.Debug|x64.Build.0 = Debug|Any CPU
		{6191E40C-480D-8DD4-4807-0538EAF5EB1F}.Debug|x86.ActiveCfg = Debug|Any CPU
		{6191E40C-480D-8DD4-4807-0538EAF5EB1F}.Debug|x86.Build.0 = Debug|Any CPU
		{6191E40C-480D-8DD4-4807-0538EAF5EB1F}.Release|Any CPU.ActiveCfg = Release|Any CPU
		{6191E40C-480D-8DD4-4807-0538EAF5EB1F}.Release|Any CPU.Build.0 = Release|Any CPU
		{6191E40C-480D-8DD4-4807-0538EAF5EB1F}.Release|x64.ActiveCfg = Release|Any CPU
		{6191E40C-480D-8DD4-4807-0538EAF5EB1F}.Release|x64.Build.0 = Release|Any CPU
		{6191E40C-480D-8DD4-4807-0538EAF5EB1F}.Release|x86.ActiveCfg = Release|Any CPU
		{6191E40C-480D-8DD4-4807-0538EAF5EB1F}.Release|x86.Build.0 = Release|Any CPU
		{157BF3B5-C17D-E44A-3530-337797027E10}.Debug|Any CPU.ActiveCfg = Debug|Any CPU
		{157BF3B5-C17D-E44A-3530-337797027E10}.Debug|Any CPU.Build.0 = Debug|Any CPU
		{157BF3B5-C17D-E44A-3530-337797027E10}.Debug|x64.ActiveCfg = Debug|Any CPU
		{157BF3B5-C17D-E44A-3530-337797027E10}.Debug|x64.Build.0 = Debug|Any CPU
		{157BF3B5-C17D-E44A-3530-337797027E10}.Debug|x86.ActiveCfg = Debug|Any CPU
		{157BF3B5-C17D-E44A-3530-337797027E10}.Debug|x86.Build.0 = Debug|Any CPU
		{157BF3B5-C17D-E44A-3530-337797027E10}.Release|Any CPU.ActiveCfg = Release|Any CPU
		{157BF3B5-C17D-E44A-3530-337797027E10}.Release|Any CPU.Build.0 = Release|Any CPU
		{157BF3B5-C17D-E44A-3530-337797027E10}.Release|x64.ActiveCfg = Release|Any CPU
		{157BF3B5-C17D-E44A-3530-337797027E10}.Release|x64.Build.0 = Release|Any CPU
		{157BF3B5-C17D-E44A-3530-337797027E10}.Release|x86.ActiveCfg = Release|Any CPU
		{157BF3B5-C17D-E44A-3530-337797027E10}.Release|x86.Build.0 = Release|Any CPU
		{4D1ABF6D-1BA4-ED73-A4F6-BB774BCE3B8C}.Debug|Any CPU.ActiveCfg = Debug|Any CPU
		{4D1ABF6D-1BA4-ED73-A4F6-BB774BCE3B8C}.Debug|Any CPU.Build.0 = Debug|Any CPU
		{4D1ABF6D-1BA4-ED73-A4F6-BB774BCE3B8C}.Debug|x64.ActiveCfg = Debug|Any CPU
		{4D1ABF6D-1BA4-ED73-A4F6-BB774BCE3B8C}.Debug|x64.Build.0 = Debug|Any CPU
		{4D1ABF6D-1BA4-ED73-A4F6-BB774BCE3B8C}.Debug|x86.ActiveCfg = Debug|Any CPU
		{4D1ABF6D-1BA4-ED73-A4F6-BB774BCE3B8C}.Debug|x86.Build.0 = Debug|Any CPU
		{4D1ABF6D-1BA4-ED73-A4F6-BB774BCE3B8C}.Release|Any CPU.ActiveCfg = Release|Any CPU
		{4D1ABF6D-1BA4-ED73-A4F6-BB774BCE3B8C}.Release|Any CPU.Build.0 = Release|Any CPU
		{4D1ABF6D-1BA4-ED73-A4F6-BB774BCE3B8C}.Release|x64.ActiveCfg = Release|Any CPU
		{4D1ABF6D-1BA4-ED73-A4F6-BB774BCE3B8C}.Release|x64.Build.0 = Release|Any CPU
		{4D1ABF6D-1BA4-ED73-A4F6-BB774BCE3B8C}.Release|x86.ActiveCfg = Release|Any CPU
		{4D1ABF6D-1BA4-ED73-A4F6-BB774BCE3B8C}.Release|x86.Build.0 = Release|Any CPU
		{0FC84EB9-F122-AA98-0847-63FD8654923A}.Debug|Any CPU.ActiveCfg = Debug|Any CPU
		{0FC84EB9-F122-AA98-0847-63FD8654923A}.Debug|Any CPU.Build.0 = Debug|Any CPU
		{0FC84EB9-F122-AA98-0847-63FD8654923A}.Debug|x64.ActiveCfg = Debug|Any CPU
		{0FC84EB9-F122-AA98-0847-63FD8654923A}.Debug|x64.Build.0 = Debug|Any CPU
		{0FC84EB9-F122-AA98-0847-63FD8654923A}.Debug|x86.ActiveCfg = Debug|Any CPU
		{0FC84EB9-F122-AA98-0847-63FD8654923A}.Debug|x86.Build.0 = Debug|Any CPU
		{0FC84EB9-F122-AA98-0847-63FD8654923A}.Release|Any CPU.ActiveCfg = Release|Any CPU
		{0FC84EB9-F122-AA98-0847-63FD8654923A}.Release|Any CPU.Build.0 = Release|Any CPU
		{0FC84EB9-F122-AA98-0847-63FD8654923A}.Release|x64.ActiveCfg = Release|Any CPU
		{0FC84EB9-F122-AA98-0847-63FD8654923A}.Release|x64.Build.0 = Release|Any CPU
		{0FC84EB9-F122-AA98-0847-63FD8654923A}.Release|x86.ActiveCfg = Release|Any CPU
		{0FC84EB9-F122-AA98-0847-63FD8654923A}.Release|x86.Build.0 = Release|Any CPU
		{848DEC9F-0290-4383-B75A-F5664950AC4C}.Debug|Any CPU.ActiveCfg = Debug|Any CPU
		{848DEC9F-0290-4383-B75A-F5664950AC4C}.Debug|Any CPU.Build.0 = Debug|Any CPU
		{848DEC9F-0290-4383-B75A-F5664950AC4C}.Debug|x64.ActiveCfg = Debug|Any CPU
		{848DEC9F-0290-4383-B75A-F5664950AC4C}.Debug|x64.Build.0 = Debug|Any CPU
		{848DEC9F-0290-4383-B75A-F5664950AC4C}.Debug|x86.ActiveCfg = Debug|Any CPU
		{848DEC9F-0290-4383-B75A-F5664950AC4C}.Debug|x86.Build.0 = Debug|Any CPU
		{848DEC9F-0290-4383-B75A-F5664950AC4C}.Release|Any CPU.ActiveCfg = Release|Any CPU
		{848DEC9F-0290-4383-B75A-F5664950AC4C}.Release|Any CPU.Build.0 = Release|Any CPU
		{848DEC9F-0290-4383-B75A-F5664950AC4C}.Release|x64.ActiveCfg = Release|Any CPU
		{848DEC9F-0290-4383-B75A-F5664950AC4C}.Release|x64.Build.0 = Release|Any CPU
		{848DEC9F-0290-4383-B75A-F5664950AC4C}.Release|x86.ActiveCfg = Release|Any CPU
		{848DEC9F-0290-4383-B75A-F5664950AC4C}.Release|x86.Build.0 = Release|Any CPU
		{E7277C32-0DCE-43BB-BE6C-4ADD3035BA73}.Debug|Any CPU.ActiveCfg = Debug|Any CPU
		{E7277C32-0DCE-43BB-BE6C-4ADD3035BA73}.Debug|Any CPU.Build.0 = Debug|Any CPU
		{E7277C32-0DCE-43BB-BE6C-4ADD3035BA73}.Debug|x64.ActiveCfg = Debug|Any CPU
		{E7277C32-0DCE-43BB-BE6C-4ADD3035BA73}.Debug|x64.Build.0 = Debug|Any CPU
		{E7277C32-0DCE-43BB-BE6C-4ADD3035BA73}.Debug|x86.ActiveCfg = Debug|Any CPU
		{E7277C32-0DCE-43BB-BE6C-4ADD3035BA73}.Debug|x86.Build.0 = Debug|Any CPU
		{E7277C32-0DCE-43BB-BE6C-4ADD3035BA73}.Release|Any CPU.ActiveCfg = Release|Any CPU
		{E7277C32-0DCE-43BB-BE6C-4ADD3035BA73}.Release|Any CPU.Build.0 = Release|Any CPU
		{E7277C32-0DCE-43BB-BE6C-4ADD3035BA73}.Release|x64.ActiveCfg = Release|Any CPU
		{E7277C32-0DCE-43BB-BE6C-4ADD3035BA73}.Release|x64.Build.0 = Release|Any CPU
		{E7277C32-0DCE-43BB-BE6C-4ADD3035BA73}.Release|x86.ActiveCfg = Release|Any CPU
		{E7277C32-0DCE-43BB-BE6C-4ADD3035BA73}.Release|x86.Build.0 = Release|Any CPU
		{99F66991-6EDA-43B0-B39D-855A6E01A745}.Debug|Any CPU.ActiveCfg = Debug|Any CPU
		{99F66991-6EDA-43B0-B39D-855A6E01A745}.Debug|Any CPU.Build.0 = Debug|Any CPU
		{99F66991-6EDA-43B0-B39D-855A6E01A745}.Debug|x64.ActiveCfg = Debug|Any CPU
		{99F66991-6EDA-43B0-B39D-855A6E01A745}.Debug|x64.Build.0 = Debug|Any CPU
		{99F66991-6EDA-43B0-B39D-855A6E01A745}.Debug|x86.ActiveCfg = Debug|Any CPU
		{99F66991-6EDA-43B0-B39D-855A6E01A745}.Debug|x86.Build.0 = Debug|Any CPU
		{99F66991-6EDA-43B0-B39D-855A6E01A745}.Release|Any CPU.ActiveCfg = Release|Any CPU
		{99F66991-6EDA-43B0-B39D-855A6E01A745}.Release|Any CPU.Build.0 = Release|Any CPU
		{99F66991-6EDA-43B0-B39D-855A6E01A745}.Release|x64.ActiveCfg = Release|Any CPU
		{99F66991-6EDA-43B0-B39D-855A6E01A745}.Release|x64.Build.0 = Release|Any CPU
		{99F66991-6EDA-43B0-B39D-855A6E01A745}.Release|x86.ActiveCfg = Release|Any CPU
		{99F66991-6EDA-43B0-B39D-855A6E01A745}.Release|x86.Build.0 = Release|Any CPU
		{1F4E5C8D-2A3B-4D9E-8F7C-9A1B2C3D4E5F}.Debug|Any CPU.ActiveCfg = Debug|Any CPU
		{1F4E5C8D-2A3B-4D9E-8F7C-9A1B2C3D4E5F}.Debug|Any CPU.Build.0 = Debug|Any CPU
		{1F4E5C8D-2A3B-4D9E-8F7C-9A1B2C3D4E5F}.Debug|x64.ActiveCfg = Debug|Any CPU
		{1F4E5C8D-2A3B-4D9E-8F7C-9A1B2C3D4E5F}.Debug|x64.Build.0 = Debug|Any CPU
		{1F4E5C8D-2A3B-4D9E-8F7C-9A1B2C3D4E5F}.Debug|x86.ActiveCfg = Debug|Any CPU
		{1F4E5C8D-2A3B-4D9E-8F7C-9A1B2C3D4E5F}.Debug|x86.Build.0 = Debug|Any CPU
		{1F4E5C8D-2A3B-4D9E-8F7C-9A1B2C3D4E5F}.Release|Any CPU.ActiveCfg = Release|Any CPU
		{1F4E5C8D-2A3B-4D9E-8F7C-9A1B2C3D4E5F}.Release|Any CPU.Build.0 = Release|Any CPU
		{1F4E5C8D-2A3B-4D9E-8F7C-9A1B2C3D4E5F}.Release|x64.ActiveCfg = Release|Any CPU
		{1F4E5C8D-2A3B-4D9E-8F7C-9A1B2C3D4E5F}.Release|x64.Build.0 = Release|Any CPU
		{1F4E5C8D-2A3B-4D9E-8F7C-9A1B2C3D4E5F}.Release|x86.ActiveCfg = Release|Any CPU
		{1F4E5C8D-2A3B-4D9E-8F7C-9A1B2C3D4E5F}.Release|x86.Build.0 = Release|Any CPU
	EndGlobalSection
	GlobalSection(SolutionProperties) = preSolution
		HideSolutionNode = FALSE
	EndGlobalSection
	GlobalSection(NestedProjects) = preSolution
		{9C8B4B94-CB22-A2D2-728D-E6BA236F30B3} = {88AB7371-40A3-7B65-CF7E-ACD3CC9F1E10}
		{AA813F8A-6D81-25F7-4506-2F1B862E57B3} = {88AB7371-40A3-7B65-CF7E-ACD3CC9F1E10}
		{6191E40C-480D-8DD4-4807-0538EAF5EB1F} = {88AB7371-40A3-7B65-CF7E-ACD3CC9F1E10}
		{157BF3B5-C17D-E44A-3530-337797027E10} = {88AB7371-40A3-7B65-CF7E-ACD3CC9F1E10}
		{4D1ABF6D-1BA4-ED73-A4F6-BB774BCE3B8C} = {88AB7371-40A3-7B65-CF7E-ACD3CC9F1E10}
		{0FC84EB9-F122-AA98-0847-63FD8654923A} = {88AB7371-40A3-7B65-CF7E-ACD3CC9F1E10}
		{31062F0C-1799-2BF4-AF09-B7242FECEA00} = {88AB7371-40A3-7B65-CF7E-ACD3CC9F1E10}
		{848DEC9F-0290-4383-B75A-F5664950AC4C} = {31062F0C-1799-2BF4-AF09-B7242FECEA00}
		{5E9819DC-9063-9F96-CDE3-D828171E4D2C} = {88AB7371-40A3-7B65-CF7E-ACD3CC9F1E10}
		{E7277C32-0DCE-43BB-BE6C-4ADD3035BA73} = {5E9819DC-9063-9F96-CDE3-D828171E4D2C}
		{60AFD959-928A-54D3-5C6B-5BFC48B40E14} = {88AB7371-40A3-7B65-CF7E-ACD3CC9F1E10}
		{99F66991-6EDA-43B0-B39D-855A6E01A745} = {60AFD959-928A-54D3-5C6B-5BFC48B40E14}
		{8A2F3B41-7D92-4E8C-9F1A-C3D5E6F8A9B2} = {88AB7371-40A3-7B65-CF7E-ACD3CC9F1E10}
		{1F4E5C8D-2A3B-4D9E-8F7C-9A1B2C3D4E5F} = {8A2F3B41-7D92-4E8C-9F1A-C3D5E6F8A9B2}
	EndGlobalSection
	GlobalSection(ExtensibilityGlobals) = postSolution
		SolutionGuid = {86971C00-5379-4360-B74B-9BD03705FB12}
	EndGlobalSection
EndGlobal
